// !$*UTF8*$!
{
	archiveVersion = 1;
	classes = {
	};
	objectVersion = 46;
	objects = {

/* Begin PBXBuildFile section */
		F39324E316AE5626004EB6F1 /* UIKit.framework in Frameworks */ = {isa = PBXBuildFile; fileRef = F39324E216AE5626004EB6F1 /* UIKit.framework */; };
		F39324E516AE5626004EB6F1 /* Foundation.framework in Frameworks */ = {isa = PBXBuildFile; fileRef = F39324E416AE5626004EB6F1 /* Foundation.framework */; };
		F39324E716AE5626004EB6F1 /* CoreGraphics.framework in Frameworks */ = {isa = PBXBuildFile; fileRef = F39324E616AE5626004EB6F1 /* CoreGraphics.framework */; };
		F39324ED16AE5626004EB6F1 /* InfoPlist.strings in Resources */ = {isa = PBXBuildFile; fileRef = F39324EB16AE5626004EB6F1 /* InfoPlist.strings */; };
		F39324EF16AE5626004EB6F1 /* main.m in Sources */ = {isa = PBXBuildFile; fileRef = F39324EE16AE5626004EB6F1 /* main.m */; };
		F39324F316AE5626004EB6F1 /* AppDelegate.m in Sources */ = {isa = PBXBuildFile; fileRef = F39324F216AE5626004EB6F1 /* AppDelegate.m */; };
		F39324F616AE5626004EB6F1 /* ViewController.m in Sources */ = {isa = PBXBuildFile; fileRef = F39324F516AE5626004EB6F1 /* ViewController.m */; };
		F39324F916AE5626004EB6F1 /* ViewController.xib in Resources */ = {isa = PBXBuildFile; fileRef = F39324F716AE5626004EB6F1 /* ViewController.xib */; };
		F393250016AE563D004EB6F1 /* OpenGLES.framework in Frameworks */ = {isa = PBXBuildFile; fileRef = F39324FF16AE563D004EB6F1 /* OpenGLES.framework */; };
		F393250216AE5646004EB6F1 /* QuartzCore.framework in Frameworks */ = {isa = PBXBuildFile; fileRef = F393250116AE5646004EB6F1 /* QuartzCore.framework */; };
		F393250B16AE56E7004EB6F1 /* GLESUtils.m in Sources */ = {isa = PBXBuildFile; fileRef = F393250416AE56E7004EB6F1 /* GLESUtils.m */; };
		F393250C16AE56E7004EB6F1 /* VertexShader.glsl in Resources */ = {isa = PBXBuildFile; fileRef = F393250516AE56E7004EB6F1 /* VertexShader.glsl */; };
		F393250D16AE56E7004EB6F1 /* FragmentShader.glsl in Resources */ = {isa = PBXBuildFile; fileRef = F393250616AE56E7004EB6F1 /* FragmentShader.glsl */; };
		F393250E16AE56E7004EB6F1 /* ksMatrix.c in Sources */ = {isa = PBXBuildFile; fileRef = F393250816AE56E7004EB6F1 /* ksMatrix.c */; };
		F393250F16AE56E7004EB6F1 /* ksVector.c in Sources */ = {isa = PBXBuildFile; fileRef = F393250A16AE56E7004EB6F1 /* ksVector.c */; };
		F395E83316AE920D00C9BC84 /* OpenGLView.m in Sources */ = {isa = PBXBuildFile; fileRef = F395E83216AE920D00C9BC84 /* OpenGLView.m */; };
/* End PBXBuildFile section */

/* Begin PBXFileReference section */
		F39324DE16AE5626004EB6F1 /* Tutorial04Test.app */ = {isa = PBXFileReference; explicitFileType = wrapper.application; includeInIndex = 0; path = Tutorial04Test.app; sourceTree = BUILT_PRODUCTS_DIR; };
		F39324E216AE5626004EB6F1 /* UIKit.framework */ = {isa = PBXFileReference; lastKnownFileType = wrapper.framework; name = UIKit.framework; path = System/Library/Frameworks/UIKit.framework; sourceTree = SDKROOT; };
		F39324E416AE5626004EB6F1 /* Foundation.framework */ = {isa = PBXFileReference; lastKnownFileType = wrapper.framework; name = Foundation.framework; path = System/Library/Frameworks/Foundation.framework; sourceTree = SDKROOT; };
		F39324E616AE5626004EB6F1 /* CoreGraphics.framework */ = {isa = PBXFileReference; lastKnownFileType = wrapper.framework; name = CoreGraphics.framework; path = System/Library/Frameworks/CoreGraphics.framework; sourceTree = SDKROOT; };
		F39324EA16AE5626004EB6F1 /* Tutorial04Test-Info.plist */ = {isa = PBXFileReference; lastKnownFileType = text.plist.xml; path = "Tutorial04Test-Info.plist"; sourceTree = "<group>"; };
		F39324EC16AE5626004EB6F1 /* en */ = {isa = PBXFileReference; lastKnownFileType = text.plist.strings; name = en; path = en.lproj/InfoPlist.strings; sourceTree = "<group>"; };
		F39324EE16AE5626004EB6F1 /* main.m */ = {isa = PBXFileReference; lastKnownFileType = sourcecode.c.objc; path = main.m; sourceTree = "<group>"; };
		F39324F016AE5626004EB6F1 /* Tutorial04Test-Prefix.pch */ = {isa = PBXFileReference; lastKnownFileType = sourcecode.c.h; path = "Tutorial04Test-Prefix.pch"; sourceTree = "<group>"; };
		F39324F116AE5626004EB6F1 /* AppDelegate.h */ = {isa = PBXFileReference; lastKnownFileType = sourcecode.c.h; path = AppDelegate.h; sourceTree = "<group>"; };
		F39324F216AE5626004EB6F1 /* AppDelegate.m */ = {isa = PBXFileReference; lastKnownFileType = sourcecode.c.objc; path = AppDelegate.m; sourceTree = "<group>"; };
		F39324F416AE5626004EB6F1 /* ViewController.h */ = {isa = PBXFileReference; lastKnownFileType = sourcecode.c.h; path = ViewController.h; sourceTree = "<group>"; };
		F39324F516AE5626004EB6F1 /* ViewController.m */ = {isa = PBXFileReference; lastKnownFileType = sourcecode.c.objc; path = ViewController.m; sourceTree = "<group>"; };
		F39324F816AE5626004EB6F1 /* en */ = {isa = PBXFileReference; lastKnownFileType = file.xib; name = en; path = en.lproj/ViewController.xib; sourceTree = "<group>"; };
		F39324FF16AE563D004EB6F1 /* OpenGLES.framework */ = {isa = PBXFileReference; lastKnownFileType = wrapper.framework; name = OpenGLES.framework; path = System/Library/Frameworks/OpenGLES.framework; sourceTree = SDKROOT; };
		F393250116AE5646004EB6F1 /* QuartzCore.framework */ = {isa = PBXFileReference; lastKnownFileType = wrapper.framework; name = QuartzCore.framework; path = System/Library/Frameworks/QuartzCore.framework; sourceTree = SDKROOT; };
		F393250316AE56E7004EB6F1 /* GLESUtils.h */ = {isa = PBXFileReference; fileEncoding = 4; lastKnownFileType = sourcecode.c.h; path = GLESUtils.h; sourceTree = "<group>"; };
		F393250416AE56E7004EB6F1 /* GLESUtils.m */ = {isa = PBXFileReference; fileEncoding = 4; lastKnownFileType = sourcecode.c.objc; path = GLESUtils.m; sourceTree = "<group>"; };
		F393250516AE56E7004EB6F1 /* VertexShader.glsl */ = {isa = PBXFileReference; fileEncoding = 4; lastKnownFileType = text; path = VertexShader.glsl; sourceTree = "<group>"; };
		F393250616AE56E7004EB6F1 /* FragmentShader.glsl */ = {isa = PBXFileReference; fileEncoding = 4; lastKnownFileType = text; path = FragmentShader.glsl; sourceTree = "<group>"; };
		F393250716AE56E7004EB6F1 /* ksMatrix.h */ = {isa = PBXFileReference; fileEncoding = 4; lastKnownFileType = sourcecode.c.h; path = ksMatrix.h; sourceTree = "<group>"; };
		F393250816AE56E7004EB6F1 /* ksMatrix.c */ = {isa = PBXFileReference; fileEncoding = 4; lastKnownFileType = sourcecode.c.c; path = ksMatrix.c; sourceTree = "<group>"; };
		F393250916AE56E7004EB6F1 /* ksVector.h */ = {isa = PBXFileReference; fileEncoding = 4; lastKnownFileType = sourcecode.c.h; path = ksVector.h; sourceTree = "<group>"; };
		F393250A16AE56E7004EB6F1 /* ksVector.c */ = {isa = PBXFileReference; fileEncoding = 4; lastKnownFileType = sourcecode.c.c; path = ksVector.c; sourceTree = "<group>"; };
		F395E83116AE920D00C9BC84 /* OpenGLView.h */ = {isa = PBXFileReference; fileEncoding = 4; lastKnownFileType = sourcecode.c.h; path = OpenGLView.h; sourceTree = "<group>"; };
		F395E83216AE920D00C9BC84 /* OpenGLView.m */ = {isa = PBXFileReference; fileEncoding = 4; lastKnownFileType = sourcecode.c.objc; path = OpenGLView.m; sourceTree = "<group>"; };
/* End PBXFileReference section */

/* Begin PBXFrameworksBuildPhase section */
		F39324DB16AE5626004EB6F1 /* Frameworks */ = {
			isa = PBXFrameworksBuildPhase;
			buildActionMask = 2147483647;
			files = (
				F393250216AE5646004EB6F1 /* QuartzCore.framework in Frameworks */,
				F393250016AE563D004EB6F1 /* OpenGLES.framework in Frameworks */,
				F39324E316AE5626004EB6F1 /* UIKit.framework in Frameworks */,
				F39324E516AE5626004EB6F1 /* Foundation.framework in Frameworks */,
				F39324E716AE5626004EB6F1 /* CoreGraphics.framework in Frameworks */,
			);
			runOnlyForDeploymentPostprocessing = 0;
		};
/* End PBXFrameworksBuildPhase section */

/* Begin PBXGroup section */
		F39324D316AE5625004EB6F1 = {
			isa = PBXGroup;
			children = (
				F393250116AE5646004EB6F1 /* QuartzCore.framework */,
				F39324FF16AE563D004EB6F1 /* OpenGLES.framework */,
				F39324E816AE5626004EB6F1 /* Tutorial04Test */,
				F39324E116AE5626004EB6F1 /* Frameworks */,
				F39324DF16AE5626004EB6F1 /* Products */,
			);
			sourceTree = "<group>";
		};
		F39324DF16AE5626004EB6F1 /* Products */ = {
			isa = PBXGroup;
			children = (
				F39324DE16AE5626004EB6F1 /* Tutorial04Test.app */,
			);
			name = Products;
			sourceTree = "<group>";
		};
		F39324E116AE5626004EB6F1 /* Frameworks */ = {
			isa = PBXGroup;
			children = (
				F39324E216AE5626004EB6F1 /* UIKit.framework */,
				F39324E416AE5626004EB6F1 /* Foundation.framework */,
				F39324E616AE5626004EB6F1 /* CoreGraphics.framework */,
			);
			name = Frameworks;
			sourceTree = "<group>";
		};
		F39324E816AE5626004EB6F1 /* Tutorial04Test */ = {
			isa = PBXGroup;
			children = (
				F39324F116AE5626004EB6F1 /* AppDelegate.h */,
				F39324F216AE5626004EB6F1 /* AppDelegate.m */,
				F39324F416AE5626004EB6F1 /* ViewController.h */,
				F39324F516AE5626004EB6F1 /* ViewController.m */,
				F39324F716AE5626004EB6F1 /* ViewController.xib */,
				F395E83116AE920D00C9BC84 /* OpenGLView.h */,
				F395E83216AE920D00C9BC84 /* OpenGLView.m */,
				F393250316AE56E7004EB6F1 /* GLESUtils.h */,
				F393250416AE56E7004EB6F1 /* GLESUtils.m */,
				F393250516AE56E7004EB6F1 /* VertexShader.glsl */,
				F393250616AE56E7004EB6F1 /* FragmentShader.glsl */,
				F393250716AE56E7004EB6F1 /* ksMatrix.h */,
				F393250816AE56E7004EB6F1 /* ksMatrix.c */,
				F393250916AE56E7004EB6F1 /* ksVector.h */,
				F393250A16AE56E7004EB6F1 /* ksVector.c */,
				F39324E916AE5626004EB6F1 /* Supporting Files */,
			);
			path = Tutorial04Test;
			sourceTree = "<group>";
		};
		F39324E916AE5626004EB6F1 /* Supporting Files */ = {
			isa = PBXGroup;
			children = (
				F39324EA16AE5626004EB6F1 /* Tutorial04Test-Info.plist */,
				F39324EB16AE5626004EB6F1 /* InfoPlist.strings */,
				F39324EE16AE5626004EB6F1 /* main.m */,
				F39324F016AE5626004EB6F1 /* Tutorial04Test-Prefix.pch */,
			);
			name = "Supporting Files";
			sourceTree = "<group>";
		};
/* End PBXGroup section */

/* Begin PBXNativeTarget section */
		F39324DD16AE5626004EB6F1 /* Tutorial04Test */ = {
			isa = PBXNativeTarget;
			buildConfigurationList = F39324FC16AE5626004EB6F1 /* Build configuration list for PBXNativeTarget "Tutorial04Test" */;
			buildPhases = (
				F39324DA16AE5626004EB6F1 /* Sources */,
				F39324DB16AE5626004EB6F1 /* Frameworks */,
				F39324DC16AE5626004EB6F1 /* Resources */,
			);
			buildRules = (
			);
			dependencies = (
			);
			name = Tutorial04Test;
			productName = Tutorial04Test;
			productReference = F39324DE16AE5626004EB6F1 /* Tutorial04Test.app */;
			productType = "com.apple.product-type.application";
		};
/* End PBXNativeTarget section */

/* Begin PBXProject section */
		F39324D516AE5625004EB6F1 /* Project object */ = {
			isa = PBXProject;
			attributes = {
				LastUpgradeCheck = 0430;
			};
			buildConfigurationList = F39324D816AE5625004EB6F1 /* Build configuration list for PBXProject "Tutorial04Test" */;
			compatibilityVersion = "Xcode 3.2";
			developmentRegion = English;
			hasScannedForEncodings = 0;
			knownRegions = (
				en,
			);
			mainGroup = F39324D316AE5625004EB6F1;
			productRefGroup = F39324DF16AE5626004EB6F1 /* Products */;
			projectDirPath = "";
			projectRoot = "";
			targets = (
				F39324DD16AE5626004EB6F1 /* Tutorial04Test */,
			);
		};
/* End PBXProject section */

/* Begin PBXResourcesBuildPhase section */
		F39324DC16AE5626004EB6F1 /* Resources */ = {
			isa = PBXResourcesBuildPhase;
			buildActionMask = 2147483647;
			files = (
				F39324ED16AE5626004EB6F1 /* InfoPlist.strings in Resources */,
				F39324F916AE5626004EB6F1 /* ViewController.xib in Resources */,
				F393250C16AE56E7004EB6F1 /* VertexShader.glsl in Resources */,
				F393250D16AE56E7004EB6F1 /* FragmentShader.glsl in Resources */,
			);
			runOnlyForDeploymentPostprocessing = 0;
		};
/* End PBXResourcesBuildPhase section */

/* Begin PBXSourcesBuildPhase section */
		F39324DA16AE5626004EB6F1 /* Sources */ = {
			isa = PBXSourcesBuildPhase;
			buildActionMask = 2147483647;
			files = (
				F39324EF16AE5626004EB6F1 /* main.m in Sources */,
				F39324F316AE5626004EB6F1 /* AppDelegate.m in Sources */,
				F39324F616AE5626004EB6F1 /* ViewController.m in Sources */,
				F393250B16AE56E7004EB6F1 /* GLESUtils.m in Sources */,
				F393250E16AE56E7004EB6F1 /* ksMatrix.c in Sources */,
				F393250F16AE56E7004EB6F1 /* ksVector.c in Sources */,
				F395E83316AE920D00C9BC84 /* OpenGLView.m in Sources */,
			);
			runOnlyForDeploymentPostprocessing = 0;
		};
/* End PBXSourcesBuildPhase section */

/* Begin PBXVariantGroup section */
		F39324EB16AE5626004EB6F1 /* InfoPlist.strings */ = {
			isa = PBXVariantGroup;
			children = (
				F39324EC16AE5626004EB6F1 /* en */,
			);
			name = InfoPlist.strings;
			sourceTree = "<group>";
		};
		F39324F716AE5626004EB6F1 /* ViewController.xib */ = {
			isa = PBXVariantGroup;
			children = (
				F39324F816AE5626004EB6F1 /* en */,
			);
			name = ViewController.xib;
			sourceTree = "<group>";
		};
/* End PBXVariantGroup section */

/* Begin XCBuildConfiguration section */
		F39324FA16AE5626004EB6F1 /* Debug */ = {
			isa = XCBuildConfiguration;
			buildSettings = {
				ALWAYS_SEARCH_USER_PATHS = NO;
				ARCHS = "$(ARCHS_STANDARD_32_BIT)";
				"CODE_SIGN_IDENTITY[sdk=iphoneos*]" = "iPhone Developer";
				COPY_PHASE_STRIP = NO;
				GCC_C_LANGUAGE_STANDARD = gnu99;
				GCC_DYNAMIC_NO_PIC = NO;
				GCC_OPTIMIZATION_LEVEL = 0;
				GCC_PREPROCESSOR_DEFINITIONS = (
					"DEBUG=1",
					"$(inherited)",
				);
				GCC_SYMBOLS_PRIVATE_EXTERN = NO;
				GCC_VERSION = com.apple.compilers.llvm.clang.1_0;
				GCC_WARN_ABOUT_RETURN_TYPE = YES;
				GCC_WARN_UNINITIALIZED_AUTOS = YES;
				GCC_WARN_UNUSED_VARIABLE = YES;
				IPHONEOS_DEPLOYMENT_TARGET = 5.1;
				SDKROOT = iphoneos;
			};
			name = Debug;
		};
		F39324FB16AE5626004EB6F1 /* Release */ = {
			isa = XCBuildConfiguration;
			buildSettings = {
				ALWAYS_SEARCH_USER_PATHS = NO;
				ARCHS = "$(ARCHS_STANDARD_32_BIT)";
				"CODE_SIGN_IDENTITY[sdk=iphoneos*]" = "iPhone Developer";
				COPY_PHASE_STRIP = YES;
				GCC_C_LANGUAGE_STANDARD = gnu99;
				GCC_VERSION = com.apple.compilers.llvm.clang.1_0;
				GCC_WARN_ABOUT_RETURN_TYPE = YES;
				GCC_WARN_UNINITIALIZED_AUTOS = YES;
				GCC_WARN_UNUSED_VARIABLE = YES;
				IPHONEOS_DEPLOYMENT_TARGET = 5.1;
				OTHER_CFLAGS = "-DNS_BLOCK_ASSERTIONS=1";
				SDKROOT = iphoneos;
				VALIDATE_PRODUCT = YES;
			};
			name = Release;
		};
		F39324FD16AE5626004EB6F1 /* Debug */ = {
			isa = XCBuildConfiguration;
			buildSettings = {
				GCC_PRECOMPILE_PREFIX_HEADER = YES;
				GCC_PREFIX_HEADER = "Tutorial04Test/Tutorial04Test-Prefix.pch";
				INFOPLIST_FILE = "Tutorial04Test/Tutorial04Test-Info.plist";
				PRODUCT_NAME = "$(TARGET_NAME)";
				WRAPPER_EXTENSION = app;
			};
			name = Debug;
		};
		F39324FE16AE5626004EB6F1 /* Release */ = {
			isa = XCBuildConfiguration;
			buildSettings = {
				GCC_PRECOMPILE_PREFIX_HEADER = YES;
				GCC_PREFIX_HEADER = "Tutorial04Test/Tutorial04Test-Prefix.pch";
				INFOPLIST_FILE = "Tutorial04Test/Tutorial04Test-Info.plist";
				PRODUCT_NAME = "$(TARGET_NAME)";
				WRAPPER_EXTENSION = app;
			};
			name = Release;
		};
/* End XCBuildConfiguration section */

/* Begin XCConfigurationList section */
		F39324D816AE5625004EB6F1 /* Build configuration list for PBXProject "Tutorial04Test" */ = {
			isa = XCConfigurationList;
			buildConfigurations = (
				F39324FA16AE5626004EB6F1 /* Debug */,
				F39324FB16AE5626004EB6F1 /* Release */,
			);
			defaultConfigurationIsVisible = 0;
			defaultConfigurationName = Release;
		};
		F39324FC16AE5626004EB6F1 /* Build configuration list for PBXNativeTarget "Tutorial04Test" */ = {
			isa = XCConfigurationList;
			buildConfigurations = (
				F39324FD16AE5626004EB6F1 /* Debug */,
				F39324FE16AE5626004EB6F1 /* Release */,
			);
			defaultConfigurationIsVisible = 0;
			defaultConfigurationName = Release;
		};
/* End XCConfigurationList section */
	};
	rootObject = F39324D516AE5625004EB6F1 /* Project object */;
}
