// !$*UTF8*$!
{
	archiveVersion = 1;
	classes = {
	};
	objectVersion = 46;
	objects = {

/* Begin PBXBuildFile section */
		F3AF35C816ABD322001A5DCC /* UIKit.framework in Frameworks */ = {isa = PBXBuildFile; fileRef = F3AF35C716ABD322001A5DCC /* UIKit.framework */; };
		F3AF35CA16ABD322001A5DCC /* Foundation.framework in Frameworks */ = {isa = PBXBuildFile; fileRef = F3AF35C916ABD322001A5DCC /* Foundation.framework */; };
		F3AF35CC16ABD322001A5DCC /* CoreGraphics.framework in Frameworks */ = {isa = PBXBuildFile; fileRef = F3AF35CB16ABD322001A5DCC /* CoreGraphics.framework */; };
		F3AF35D216ABD322001A5DCC /* InfoPlist.strings in Resources */ = {isa = PBXBuildFile; fileRef = F3AF35D016ABD322001A5DCC /* InfoPlist.strings */; };
		F3AF35D416ABD322001A5DCC /* main.m in Sources */ = {isa = PBXBuildFile; fileRef = F3AF35D316ABD322001A5DCC /* main.m */; };
		F3AF35D816ABD322001A5DCC /* AppDelegate.m in Sources */ = {isa = PBXBuildFile; fileRef = F3AF35D716ABD322001A5DCC /* AppDelegate.m */; };
		F3AF35DB16ABD322001A5DCC /* ViewController.m in Sources */ = {isa = PBXBuildFile; fileRef = F3AF35DA16ABD322001A5DCC /* ViewController.m */; };
		F3AF35DE16ABD322001A5DCC /* ViewController.xib in Resources */ = {isa = PBXBuildFile; fileRef = F3AF35DC16ABD322001A5DCC /* ViewController.xib */; };
		F3AF35E516ABD40D001A5DCC /* OpenGLES.framework in Frameworks */ = {isa = PBXBuildFile; fileRef = F3AF35E416ABD40D001A5DCC /* OpenGLES.framework */; };
		F3AF35E716ABD417001A5DCC /* QuartzCore.framework in Frameworks */ = {isa = PBXBuildFile; fileRef = F3AF35E616ABD417001A5DCC /* QuartzCore.framework */; };
		F3AF360016ABECB4001A5DCC /* OpenGLView.m in Sources */ = {isa = PBXBuildFile; fileRef = F3AF35FB16ABECB4001A5DCC /* OpenGLView.m */; };
		F3AF360116ABECB4001A5DCC /* GLESUtils.m in Sources */ = {isa = PBXBuildFile; fileRef = F3AF35FD16ABECB4001A5DCC /* GLESUtils.m */; };
		F3AF360216ABECB4001A5DCC /* VertexShader.glsl in Resources */ = {isa = PBXBuildFile; fileRef = F3AF35FE16ABECB4001A5DCC /* VertexShader.glsl */; };
		F3AF360316ABECB4001A5DCC /* FragmentShader.glsl in Resources */ = {isa = PBXBuildFile; fileRef = F3AF35FF16ABECB4001A5DCC /* FragmentShader.glsl */; };
		F3AF360616ABFD0D001A5DCC /* ksMatrix.c in Sources */ = {isa = PBXBuildFile; fileRef = F3AF360516ABFD0D001A5DCC /* ksMatrix.c */; };
		F3AF360916ABFD97001A5DCC /* ksVector.c in Sources */ = {isa = PBXBuildFile; fileRef = F3AF360816ABFD97001A5DCC /* ksVector.c */; };
/* End PBXBuildFile section */

/* Begin PBXFileReference section */
		F3AF35C316ABD322001A5DCC /* Tutorial03Test.app */ = {isa = PBXFileReference; explicitFileType = wrapper.application; includeInIndex = 0; path = Tutorial03Test.app; sourceTree = BUILT_PRODUCTS_DIR; };
		F3AF35C716ABD322001A5DCC /* UIKit.framework */ = {isa = PBXFileReference; lastKnownFileType = wrapper.framework; name = UIKit.framework; path = System/Library/Frameworks/UIKit.framework; sourceTree = SDKROOT; };
		F3AF35C916ABD322001A5DCC /* Foundation.framework */ = {isa = PBXFileReference; lastKnownFileType = wrapper.framework; name = Foundation.framework; path = System/Library/Frameworks/Foundation.framework; sourceTree = SDKROOT; };
		F3AF35CB16ABD322001A5DCC /* CoreGraphics.framework */ = {isa = PBXFileReference; lastKnownFileType = wrapper.framework; name = CoreGraphics.framework; path = System/Library/Frameworks/CoreGraphics.framework; sourceTree = SDKROOT; };
		F3AF35CF16ABD322001A5DCC /* Tutorial03Test-Info.plist */ = {isa = PBXFileReference; lastKnownFileType = text.plist.xml; path = "Tutorial03Test-Info.plist"; sourceTree = "<group>"; };
		F3AF35D116ABD322001A5DCC /* en */ = {isa = PBXFileReference; lastKnownFileType = text.plist.strings; name = en; path = en.lproj/InfoPlist.strings; sourceTree = "<group>"; };
		F3AF35D316ABD322001A5DCC /* main.m */ = {isa = PBXFileReference; lastKnownFileType = sourcecode.c.objc; path = main.m; sourceTree = "<group>"; };
		F3AF35D516ABD322001A5DCC /* Tutorial03Test-Prefix.pch */ = {isa = PBXFileReference; lastKnownFileType = sourcecode.c.h; path = "Tutorial03Test-Prefix.pch"; sourceTree = "<group>"; };
		F3AF35D616ABD322001A5DCC /* AppDelegate.h */ = {isa = PBXFileReference; lastKnownFileType = sourcecode.c.h; path = AppDelegate.h; sourceTree = "<group>"; };
		F3AF35D716ABD322001A5DCC /* AppDelegate.m */ = {isa = PBXFileReference; lastKnownFileType = sourcecode.c.objc; path = AppDelegate.m; sourceTree = "<group>"; };
		F3AF35D916ABD322001A5DCC /* ViewController.h */ = {isa = PBXFileReference; lastKnownFileType = sourcecode.c.h; path = ViewController.h; sourceTree = "<group>"; };
		F3AF35DA16ABD322001A5DCC /* ViewController.m */ = {isa = PBXFileReference; lastKnownFileType = sourcecode.c.objc; path = ViewController.m; sourceTree = "<group>"; };
		F3AF35DD16ABD322001A5DCC /* en */ = {isa = PBXFileReference; lastKnownFileType = file.xib; name = en; path = en.lproj/ViewController.xib; sourceTree = "<group>"; };
		F3AF35E416ABD40D001A5DCC /* OpenGLES.framework */ = {isa = PBXFileReference; lastKnownFileType = wrapper.framework; name = OpenGLES.framework; path = System/Library/Frameworks/OpenGLES.framework; sourceTree = SDKROOT; };
		F3AF35E616ABD417001A5DCC /* QuartzCore.framework */ = {isa = PBXFileReference; lastKnownFileType = wrapper.framework; name = QuartzCore.framework; path = System/Library/Frameworks/QuartzCore.framework; sourceTree = SDKROOT; };
		F3AF35FA16ABECB4001A5DCC /* OpenGLView.h */ = {isa = PBXFileReference; fileEncoding = 4; lastKnownFileType = sourcecode.c.h; path = OpenGLView.h; sourceTree = "<group>"; };
		F3AF35FB16ABECB4001A5DCC /* OpenGLView.m */ = {isa = PBXFileReference; fileEncoding = 4; lastKnownFileType = sourcecode.c.objc; path = OpenGLView.m; sourceTree = "<group>"; };
		F3AF35FC16ABECB4001A5DCC /* GLESUtils.h */ = {isa = PBXFileReference; fileEncoding = 4; lastKnownFileType = sourcecode.c.h; path = GLESUtils.h; sourceTree = "<group>"; };
		F3AF35FD16ABECB4001A5DCC /* GLESUtils.m */ = {isa = PBXFileReference; fileEncoding = 4; lastKnownFileType = sourcecode.c.objc; path = GLESUtils.m; sourceTree = "<group>"; };
		F3AF35FE16ABECB4001A5DCC /* VertexShader.glsl */ = {isa = PBXFileReference; fileEncoding = 4; lastKnownFileType = text; path = VertexShader.glsl; sourceTree = "<group>"; };
		F3AF35FF16ABECB4001A5DCC /* FragmentShader.glsl */ = {isa = PBXFileReference; fileEncoding = 4; lastKnownFileType = text; path = FragmentShader.glsl; sourceTree = "<group>"; };
		F3AF360416ABFCFF001A5DCC /* ksMatrix.h */ = {isa = PBXFileReference; fileEncoding = 4; lastKnownFileType = sourcecode.c.h; path = ksMatrix.h; sourceTree = "<group>"; };
		F3AF360516ABFD0D001A5DCC /* ksMatrix.c */ = {isa = PBXFileReference; fileEncoding = 4; lastKnownFileType = sourcecode.c.c; path = ksMatrix.c; sourceTree = "<group>"; };
		F3AF360716ABFD8D001A5DCC /* ksVector.h */ = {isa = PBXFileReference; fileEncoding = 4; lastKnownFileType = sourcecode.c.h; path = ksVector.h; sourceTree = "<group>"; };
		F3AF360816ABFD97001A5DCC /* ksVector.c */ = {isa = PBXFileReference; fileEncoding = 4; lastKnownFileType = sourcecode.c.c; path = ksVector.c; sourceTree = "<group>"; };
/* End PBXFileReference section */

/* Begin PBXFrameworksBuildPhase section */
		F3AF35C016ABD322001A5DCC /* Frameworks */ = {
			isa = PBXFrameworksBuildPhase;
			buildActionMask = 2147483647;
			files = (
				F3AF35E716ABD417001A5DCC /* QuartzCore.framework in Frameworks */,
				F3AF35E516ABD40D001A5DCC /* OpenGLES.framework in Frameworks */,
				F3AF35C816ABD322001A5DCC /* UIKit.framework in Frameworks */,
				F3AF35CA16ABD322001A5DCC /* Foundation.framework in Frameworks */,
				F3AF35CC16ABD322001A5DCC /* CoreGraphics.framework in Frameworks */,
			);
			runOnlyForDeploymentPostprocessing = 0;
		};
/* End PBXFrameworksBuildPhase section */

/* Begin PBXGroup section */
		F3AF35B816ABD322001A5DCC = {
			isa = PBXGroup;
			children = (
				F3AF35E616ABD417001A5DCC /* QuartzCore.framework */,
				F3AF35E416ABD40D001A5DCC /* OpenGLES.framework */,
				F3AF35CD16ABD322001A5DCC /* Tutorial03Test */,
				F3AF35C616ABD322001A5DCC /* Frameworks */,
				F3AF35C416ABD322001A5DCC /* Products */,
			);
			sourceTree = "<group>";
		};
		F3AF35C416ABD322001A5DCC /* Products */ = {
			isa = PBXGroup;
			children = (
				F3AF35C316ABD322001A5DCC /* Tutorial03Test.app */,
			);
			name = Products;
			sourceTree = "<group>";
		};
		F3AF35C616ABD322001A5DCC /* Frameworks */ = {
			isa = PBXGroup;
			children = (
				F3AF35C716ABD322001A5DCC /* UIKit.framework */,
				F3AF35C916ABD322001A5DCC /* Foundation.framework */,
				F3AF35CB16ABD322001A5DCC /* CoreGraphics.framework */,
			);
			name = Frameworks;
			sourceTree = "<group>";
		};
		F3AF35CD16ABD322001A5DCC /* Tutorial03Test */ = {
			isa = PBXGroup;
			children = (
				F3AF35D616ABD322001A5DCC /* AppDelegate.h */,
				F3AF35D716ABD322001A5DCC /* AppDelegate.m */,
				F3AF35D916ABD322001A5DCC /* ViewController.h */,
				F3AF35DA16ABD322001A5DCC /* ViewController.m */,
				F3AF35DC16ABD322001A5DCC /* ViewController.xib */,
				F3AF35FA16ABECB4001A5DCC /* OpenGLView.h */,
				F3AF35FB16ABECB4001A5DCC /* OpenGLView.m */,
				F3AF35FC16ABECB4001A5DCC /* GLESUtils.h */,
				F3AF35FD16ABECB4001A5DCC /* GLESUtils.m */,
				F3AF35FE16ABECB4001A5DCC /* VertexShader.glsl */,
				F3AF35FF16ABECB4001A5DCC /* FragmentShader.glsl */,
				F3AF360416ABFCFF001A5DCC /* ksMatrix.h */,
				F3AF360516ABFD0D001A5DCC /* ksMatrix.c */,
				F3AF360716ABFD8D001A5DCC /* ksVector.h */,
				F3AF360816ABFD97001A5DCC /* ksVector.c */,
				F3AF35CE16ABD322001A5DCC /* Supporting Files */,
			);
			path = Tutorial03Test;
			sourceTree = "<group>";
		};
		F3AF35CE16ABD322001A5DCC /* Supporting Files */ = {
			isa = PBXGroup;
			children = (
				F3AF35CF16ABD322001A5DCC /* Tutorial03Test-Info.plist */,
				F3AF35D016ABD322001A5DCC /* InfoPlist.strings */,
				F3AF35D316ABD322001A5DCC /* main.m */,
				F3AF35D516ABD322001A5DCC /* Tutorial03Test-Prefix.pch */,
			);
			name = "Supporting Files";
			sourceTree = "<group>";
		};
/* End PBXGroup section */

/* Begin PBXNativeTarget section */
		F3AF35C216ABD322001A5DCC /* Tutorial03Test */ = {
			isa = PBXNativeTarget;
			buildConfigurationList = F3AF35E116ABD322001A5DCC /* Build configuration list for PBXNativeTarget "Tutorial03Test" */;
			buildPhases = (
				F3AF35BF16ABD322001A5DCC /* Sources */,
				F3AF35C016ABD322001A5DCC /* Frameworks */,
				F3AF35C116ABD322001A5DCC /* Resources */,
			);
			buildRules = (
			);
			dependencies = (
			);
			name = Tutorial03Test;
			productName = Tutorial03Test;
			productReference = F3AF35C316ABD322001A5DCC /* Tutorial03Test.app */;
			productType = "com.apple.product-type.application";
		};
/* End PBXNativeTarget section */

/* Begin PBXProject section */
		F3AF35BA16ABD322001A5DCC /* Project object */ = {
			isa = PBXProject;
			attributes = {
				LastUpgradeCheck = 0430;
			};
			buildConfigurationList = F3AF35BD16ABD322001A5DCC /* Build configuration list for PBXProject "Tutorial03Test" */;
			compatibilityVersion = "Xcode 3.2";
			developmentRegion = English;
			hasScannedForEncodings = 0;
			knownRegions = (
				en,
			);
			mainGroup = F3AF35B816ABD322001A5DCC;
			productRefGroup = F3AF35C416ABD322001A5DCC /* Products */;
			projectDirPath = "";
			projectRoot = "";
			targets = (
				F3AF35C216ABD322001A5DCC /* Tutorial03Test */,
			);
		};
/* End PBXProject section */

/* Begin PBXResourcesBuildPhase section */
		F3AF35C116ABD322001A5DCC /* Resources */ = {
			isa = PBXResourcesBuildPhase;
			buildActionMask = 2147483647;
			files = (
				F3AF35D216ABD322001A5DCC /* InfoPlist.strings in Resources */,
				F3AF35DE16ABD322001A5DCC /* ViewController.xib in Resources */,
				F3AF360216ABECB4001A5DCC /* VertexShader.glsl in Resources */,
				F3AF360316ABECB4001A5DCC /* FragmentShader.glsl in Resources */,
			);
			runOnlyForDeploymentPostprocessing = 0;
		};
/* End PBXResourcesBuildPhase section */

/* Begin PBXSourcesBuildPhase section */
		F3AF35BF16ABD322001A5DCC /* Sources */ = {
			isa = PBXSourcesBuildPhase;
			buildActionMask = 2147483647;
			files = (
				F3AF35D416ABD322001A5DCC /* main.m in Sources */,
				F3AF35D816ABD322001A5DCC /* AppDelegate.m in Sources */,
				F3AF35DB16ABD322001A5DCC /* ViewController.m in Sources */,
				F3AF360016ABECB4001A5DCC /* OpenGLView.m in Sources */,
				F3AF360116ABECB4001A5DCC /* GLESUtils.m in Sources */,
				F3AF360616ABFD0D001A5DCC /* ksMatrix.c in Sources */,
				F3AF360916ABFD97001A5DCC /* ksVector.c in Sources */,
			);
			runOnlyForDeploymentPostprocessing = 0;
		};
/* End PBXSourcesBuildPhase section */

/* Begin PBXVariantGroup section */
		F3AF35D016ABD322001A5DCC /* InfoPlist.strings */ = {
			isa = PBXVariantGroup;
			children = (
				F3AF35D116ABD322001A5DCC /* en */,
			);
			name = InfoPlist.strings;
			sourceTree = "<group>";
		};
		F3AF35DC16ABD322001A5DCC /* ViewController.xib */ = {
			isa = PBXVariantGroup;
			children = (
				F3AF35DD16ABD322001A5DCC /* en */,
			);
			name = ViewController.xib;
			sourceTree = "<group>";
		};
/* End PBXVariantGroup section */

/* Begin XCBuildConfiguration section */
		F3AF35DF16ABD322001A5DCC /* Debug */ = {
			isa = XCBuildConfiguration;
			buildSettings = {
				ALWAYS_SEARCH_USER_PATHS = NO;
				ARCHS = "$(ARCHS_STANDARD_32_BIT)";
				"CODE_SIGN_IDENTITY[sdk=iphoneos*]" = "iPhone Developer";
				COPY_PHASE_STRIP = NO;
				GCC_C_LANGUAGE_STANDARD = gnu99;
				GCC_DYNAMIC_NO_PIC = NO;
				GCC_OPTIMIZATION_LEVEL = 0;
				GCC_PREPROCESSOR_DEFINITIONS = (
					"DEBUG=1",
					"$(inherited)",
				);
				GCC_SYMBOLS_PRIVATE_EXTERN = NO;
				GCC_VERSION = com.apple.compilers.llvm.clang.1_0;
				GCC_WARN_ABOUT_RETURN_TYPE = YES;
				GCC_WARN_UNINITIALIZED_AUTOS = YES;
				GCC_WARN_UNUSED_VARIABLE = YES;
				IPHONEOS_DEPLOYMENT_TARGET = 5.1;
				SDKROOT = iphoneos;
				TARGETED_DEVICE_FAMILY = 2;
			};
			name = Debug;
		};
		F3AF35E016ABD322001A5DCC /* Release */ = {
			isa = XCBuildConfiguration;
			buildSettings = {
				ALWAYS_SEARCH_USER_PATHS = NO;
				ARCHS = "$(ARCHS_STANDARD_32_BIT)";
				"CODE_SIGN_IDENTITY[sdk=iphoneos*]" = "iPhone Developer";
				COPY_PHASE_STRIP = YES;
				GCC_C_LANGUAGE_STANDARD = gnu99;
				GCC_VERSION = com.apple.compilers.llvm.clang.1_0;
				GCC_WARN_ABOUT_RETURN_TYPE = YES;
				GCC_WARN_UNINITIALIZED_AUTOS = YES;
				GCC_WARN_UNUSED_VARIABLE = YES;
				IPHONEOS_DEPLOYMENT_TARGET = 5.1;
				OTHER_CFLAGS = "-DNS_BLOCK_ASSERTIONS=1";
				SDKROOT = iphoneos;
				TARGETED_DEVICE_FAMILY = 2;
				VALIDATE_PRODUCT = YES;
			};
			name = Release;
		};
		F3AF35E216ABD322001A5DCC /* Debug */ = {
			isa = XCBuildConfiguration;
			buildSettings = {
				GCC_PRECOMPILE_PREFIX_HEADER = YES;
				GCC_PREFIX_HEADER = "Tutorial03Test/Tutorial03Test-Prefix.pch";
				INFOPLIST_FILE = "Tutorial03Test/Tutorial03Test-Info.plist";
				PRODUCT_NAME = "$(TARGET_NAME)";
				WRAPPER_EXTENSION = app;
			};
			name = Debug;
		};
		F3AF35E316ABD322001A5DCC /* Release */ = {
			isa = XCBuildConfiguration;
			buildSettings = {
				GCC_PRECOMPILE_PREFIX_HEADER = YES;
				GCC_PREFIX_HEADER = "Tutorial03Test/Tutorial03Test-Prefix.pch";
				INFOPLIST_FILE = "Tutorial03Test/Tutorial03Test-Info.plist";
				PRODUCT_NAME = "$(TARGET_NAME)";
				WRAPPER_EXTENSION = app;
			};
			name = Release;
		};
/* End XCBuildConfiguration section */

/* Begin XCConfigurationList section */
		F3AF35BD16ABD322001A5DCC /* Build configuration list for PBXProject "Tutorial03Test" */ = {
			isa = XCConfigurationList;
			buildConfigurations = (
				F3AF35DF16ABD322001A5DCC /* Debug */,
				F3AF35E016ABD322001A5DCC /* Release */,
			);
			defaultConfigurationIsVisible = 0;
			defaultConfigurationName = Release;
		};
		F3AF35E116ABD322001A5DCC /* Build configuration list for PBXNativeTarget "Tutorial03Test" */ = {
			isa = XCConfigurationList;
			buildConfigurations = (
				F3AF35E216ABD322001A5DCC /* Debug */,
				F3AF35E316ABD322001A5DCC /* Release */,
			);
			defaultConfigurationIsVisible = 0;
		};
/* End XCConfigurationList section */
	};
	rootObject = F3AF35BA16ABD322001A5DCC /* Project object */;
}
