// !$*UTF8*$!
{
	archiveVersion = 1;
	classes = {
	};
	objectVersion = 46;
	objects = {

/* Begin PBXBuildFile section */
		F393252416AE6B38004EB6F1 /* OpenGLView.m in Sources */ = {isa = PBXBuildFile; fileRef = F393252316AE6B38004EB6F1 /* OpenGLView.m */; };
		F395E81D16AE8DEC00C9BC84 /* OpenGLView.h in Resources */ = {isa = PBXBuildFile; fileRef = F393252216AE6B38004EB6F1 /* OpenGLView.h */; };
		F395E81E16AE8DEC00C9BC84 /* OpenGLView.m in Resources */ = {isa = PBXBuildFile; fileRef = F393252316AE6B38004EB6F1 /* OpenGLView.m */; };
		F3A56F5116A8DB8A00514EF9 /* UIKit.framework in Frameworks */ = {isa = PBXBuildFile; fileRef = F3A56F5016A8DB8A00514EF9 /* UIKit.framework */; };
		F3A56F5316A8DB8A00514EF9 /* Foundation.framework in Frameworks */ = {isa = PBXBuildFile; fileRef = F3A56F5216A8DB8A00514EF9 /* Foundation.framework */; };
		F3A56F5516A8DB8A00514EF9 /* CoreGraphics.framework in Frameworks */ = {isa = PBXBuildFile; fileRef = F3A56F5416A8DB8A00514EF9 /* CoreGraphics.framework */; };
		F3A56F5B16A8DB8A00514EF9 /* InfoPlist.strings in Resources */ = {isa = PBXBuildFile; fileRef = F3A56F5916A8DB8A00514EF9 /* InfoPlist.strings */; };
		F3A56F5D16A8DB8A00514EF9 /* main.m in Sources */ = {isa = PBXBuildFile; fileRef = F3A56F5C16A8DB8A00514EF9 /* main.m */; };
		F3A56F6116A8DB8A00514EF9 /* AppDelegate.m in Sources */ = {isa = PBXBuildFile; fileRef = F3A56F6016A8DB8A00514EF9 /* AppDelegate.m */; };
		F3A56F6416A8DB8A00514EF9 /* ViewController.m in Sources */ = {isa = PBXBuildFile; fileRef = F3A56F6316A8DB8A00514EF9 /* ViewController.m */; };
		F3A56F6716A8DB8A00514EF9 /* ViewController.xib in Resources */ = {isa = PBXBuildFile; fileRef = F3A56F6516A8DB8A00514EF9 /* ViewController.xib */; };
		F3A56F7116A8DC5700514EF9 /* OpenGLES.framework in Frameworks */ = {isa = PBXBuildFile; fileRef = F3A56F7016A8DC5700514EF9 /* OpenGLES.framework */; };
		F3A56F7316A8DC6000514EF9 /* QuartzCore.framework in Frameworks */ = {isa = PBXBuildFile; fileRef = F3A56F7216A8DC6000514EF9 /* QuartzCore.framework */; };
/* End PBXBuildFile section */

/* Begin PBXFileReference section */
		F393252216AE6B38004EB6F1 /* OpenGLView.h */ = {isa = PBXFileReference; fileEncoding = 4; lastKnownFileType = sourcecode.c.h; path = OpenGLView.h; sourceTree = "<group>"; };
		F393252316AE6B38004EB6F1 /* OpenGLView.m */ = {isa = PBXFileReference; fileEncoding = 4; lastKnownFileType = sourcecode.c.objc; path = OpenGLView.m; sourceTree = "<group>"; };
		F3A56F4C16A8DB8A00514EF9 /* Tutorial01Test.app */ = {isa = PBXFileReference; explicitFileType = wrapper.application; includeInIndex = 0; path = Tutorial01Test.app; sourceTree = BUILT_PRODUCTS_DIR; };
		F3A56F5016A8DB8A00514EF9 /* UIKit.framework */ = {isa = PBXFileReference; lastKnownFileType = wrapper.framework; name = UIKit.framework; path = System/Library/Frameworks/UIKit.framework; sourceTree = SDKROOT; };
		F3A56F5216A8DB8A00514EF9 /* Foundation.framework */ = {isa = PBXFileReference; lastKnownFileType = wrapper.framework; name = Foundation.framework; path = System/Library/Frameworks/Foundation.framework; sourceTree = SDKROOT; };
		F3A56F5416A8DB8A00514EF9 /* CoreGraphics.framework */ = {isa = PBXFileReference; lastKnownFileType = wrapper.framework; name = CoreGraphics.framework; path = System/Library/Frameworks/CoreGraphics.framework; sourceTree = SDKROOT; };
		F3A56F5816A8DB8A00514EF9 /* Tutorial01Test-Info.plist */ = {isa = PBXFileReference; lastKnownFileType = text.plist.xml; path = "Tutorial01Test-Info.plist"; sourceTree = "<group>"; };
		F3A56F5A16A8DB8A00514EF9 /* en */ = {isa = PBXFileReference; lastKnownFileType = text.plist.strings; name = en; path = en.lproj/InfoPlist.strings; sourceTree = "<group>"; };
		F3A56F5C16A8DB8A00514EF9 /* main.m */ = {isa = PBXFileReference; lastKnownFileType = sourcecode.c.objc; path = main.m; sourceTree = "<group>"; };
		F3A56F5E16A8DB8A00514EF9 /* Tutorial01Test-Prefix.pch */ = {isa = PBXFileReference; lastKnownFileType = sourcecode.c.h; path = "Tutorial01Test-Prefix.pch"; sourceTree = "<group>"; };
		F3A56F5F16A8DB8A00514EF9 /* AppDelegate.h */ = {isa = PBXFileReference; lastKnownFileType = sourcecode.c.h; path = AppDelegate.h; sourceTree = "<group>"; };
		F3A56F6016A8DB8A00514EF9 /* AppDelegate.m */ = {isa = PBXFileReference; lastKnownFileType = sourcecode.c.objc; path = AppDelegate.m; sourceTree = "<group>"; };
		F3A56F6216A8DB8A00514EF9 /* ViewController.h */ = {isa = PBXFileReference; lastKnownFileType = sourcecode.c.h; path = ViewController.h; sourceTree = "<group>"; };
		F3A56F6316A8DB8A00514EF9 /* ViewController.m */ = {isa = PBXFileReference; lastKnownFileType = sourcecode.c.objc; path = ViewController.m; sourceTree = "<group>"; };
		F3A56F6616A8DB8A00514EF9 /* en */ = {isa = PBXFileReference; lastKnownFileType = file.xib; name = en; path = en.lproj/ViewController.xib; sourceTree = "<group>"; };
		F3A56F7016A8DC5700514EF9 /* OpenGLES.framework */ = {isa = PBXFileReference; lastKnownFileType = wrapper.framework; name = OpenGLES.framework; path = System/Library/Frameworks/OpenGLES.framework; sourceTree = SDKROOT; };
		F3A56F7216A8DC6000514EF9 /* QuartzCore.framework */ = {isa = PBXFileReference; lastKnownFileType = wrapper.framework; name = QuartzCore.framework; path = System/Library/Frameworks/QuartzCore.framework; sourceTree = SDKROOT; };
/* End PBXFileReference section */

/* Begin PBXFrameworksBuildPhase section */
		F3A56F4916A8DB8A00514EF9 /* Frameworks */ = {
			isa = PBXFrameworksBuildPhase;
			buildActionMask = 2147483647;
			files = (
				F3A56F7316A8DC6000514EF9 /* QuartzCore.framework in Frameworks */,
				F3A56F7116A8DC5700514EF9 /* OpenGLES.framework in Frameworks */,
				F3A56F5116A8DB8A00514EF9 /* UIKit.framework in Frameworks */,
				F3A56F5316A8DB8A00514EF9 /* Foundation.framework in Frameworks */,
				F3A56F5516A8DB8A00514EF9 /* CoreGraphics.framework in Frameworks */,
			);
			runOnlyForDeploymentPostprocessing = 0;
		};
/* End PBXFrameworksBuildPhase section */

/* Begin PBXGroup section */
		F3A56F4116A8DB8A00514EF9 = {
			isa = PBXGroup;
			children = (
				F3A56F7216A8DC6000514EF9 /* QuartzCore.framework */,
				F3A56F7016A8DC5700514EF9 /* OpenGLES.framework */,
				F3A56F5616A8DB8A00514EF9 /* Tutorial01Test */,
				F3A56F4F16A8DB8A00514EF9 /* Frameworks */,
				F3A56F4D16A8DB8A00514EF9 /* Products */,
			);
			sourceTree = "<group>";
		};
		F3A56F4D16A8DB8A00514EF9 /* Products */ = {
			isa = PBXGroup;
			children = (
				F3A56F4C16A8DB8A00514EF9 /* Tutorial01Test.app */,
			);
			name = Products;
			sourceTree = "<group>";
		};
		F3A56F4F16A8DB8A00514EF9 /* Frameworks */ = {
			isa = PBXGroup;
			children = (
				F3A56F5016A8DB8A00514EF9 /* UIKit.framework */,
				F3A56F5216A8DB8A00514EF9 /* Foundation.framework */,
				F3A56F5416A8DB8A00514EF9 /* CoreGraphics.framework */,
			);
			name = Frameworks;
			sourceTree = "<group>";
		};
		F3A56F5616A8DB8A00514EF9 /* Tutorial01Test */ = {
			isa = PBXGroup;
			children = (
				F3A56F5F16A8DB8A00514EF9 /* AppDelegate.h */,
				F3A56F6016A8DB8A00514EF9 /* AppDelegate.m */,
				F3A56F6216A8DB8A00514EF9 /* ViewController.h */,
				F3A56F6316A8DB8A00514EF9 /* ViewController.m */,
				F3A56F6516A8DB8A00514EF9 /* ViewController.xib */,
				F393252216AE6B38004EB6F1 /* OpenGLView.h */,
				F393252316AE6B38004EB6F1 /* OpenGLView.m */,
				F3A56F5716A8DB8A00514EF9 /* Supporting Files */,
			);
			path = Tutorial01Test;
			sourceTree = "<group>";
		};
		F3A56F5716A8DB8A00514EF9 /* Supporting Files */ = {
			isa = PBXGroup;
			children = (
				F3A56F5816A8DB8A00514EF9 /* Tutorial01Test-Info.plist */,
				F3A56F5916A8DB8A00514EF9 /* InfoPlist.strings */,
				F3A56F5C16A8DB8A00514EF9 /* main.m */,
				F3A56F5E16A8DB8A00514EF9 /* Tutorial01Test-Prefix.pch */,
			);
			name = "Supporting Files";
			sourceTree = "<group>";
		};
/* End PBXGroup section */

/* Begin PBXNativeTarget section */
		F3A56F4B16A8DB8A00514EF9 /* Tutorial01Test */ = {
			isa = PBXNativeTarget;
			buildConfigurationList = F3A56F6A16A8DB8A00514EF9 /* Build configuration list for PBXNativeTarget "Tutorial01Test" */;
			buildPhases = (
				F3A56F4816A8DB8A00514EF9 /* Sources */,
				F3A56F4916A8DB8A00514EF9 /* Frameworks */,
				F3A56F4A16A8DB8A00514EF9 /* Resources */,
			);
			buildRules = (
			);
			dependencies = (
			);
			name = Tutorial01Test;
			productName = Tutorial01Test;
			productReference = F3A56F4C16A8DB8A00514EF9 /* Tutorial01Test.app */;
			productType = "com.apple.product-type.application";
		};
/* End PBXNativeTarget section */

/* Begin PBXProject section */
		F3A56F4316A8DB8A00514EF9 /* Project object */ = {
			isa = PBXProject;
			attributes = {
				LastUpgradeCheck = 0430;
			};
			buildConfigurationList = F3A56F4616A8DB8A00514EF9 /* Build configuration list for PBXProject "Tutorial01Test" */;
			compatibilityVersion = "Xcode 3.2";
			developmentRegion = English;
			hasScannedForEncodings = 0;
			knownRegions = (
				en,
			);
			mainGroup = F3A56F4116A8DB8A00514EF9;
			productRefGroup = F3A56F4D16A8DB8A00514EF9 /* Products */;
			projectDirPath = "";
			projectRoot = "";
			targets = (
				F3A56F4B16A8DB8A00514EF9 /* Tutorial01Test */,
			);
		};
/* End PBXProject section */

/* Begin PBXResourcesBuildPhase section */
		F3A56F4A16A8DB8A00514EF9 /* Resources */ = {
			isa = PBXResourcesBuildPhase;
			buildActionMask = 2147483647;
			files = (
				F395E81D16AE8DEC00C9BC84 /* OpenGLView.h in Resources */,
				F395E81E16AE8DEC00C9BC84 /* OpenGLView.m in Resources */,
				F3A56F5B16A8DB8A00514EF9 /* InfoPlist.strings in Resources */,
				F3A56F6716A8DB8A00514EF9 /* ViewController.xib in Resources */,
			);
			runOnlyForDeploymentPostprocessing = 0;
		};
/* End PBXResourcesBuildPhase section */

/* Begin PBXSourcesBuildPhase section */
		F3A56F4816A8DB8A00514EF9 /* Sources */ = {
			isa = PBXSourcesBuildPhase;
			buildActionMask = 2147483647;
			files = (
				F3A56F5D16A8DB8A00514EF9 /* main.m in Sources */,
				F3A56F6116A8DB8A00514EF9 /* AppDelegate.m in Sources */,
				F3A56F6416A8DB8A00514EF9 /* ViewController.m in Sources */,
				F393252416AE6B38004EB6F1 /* OpenGLView.m in Sources */,
			);
			runOnlyForDeploymentPostprocessing = 0;
		};
/* End PBXSourcesBuildPhase section */

/* Begin PBXVariantGroup section */
		F3A56F5916A8DB8A00514EF9 /* InfoPlist.strings */ = {
			isa = PBXVariantGroup;
			children = (
				F3A56F5A16A8DB8A00514EF9 /* en */,
			);
			name = InfoPlist.strings;
			sourceTree = "<group>";
		};
		F3A56F6516A8DB8A00514EF9 /* ViewController.xib */ = {
			isa = PBXVariantGroup;
			children = (
				F3A56F6616A8DB8A00514EF9 /* en */,
			);
			name = ViewController.xib;
			sourceTree = "<group>";
		};
/* End PBXVariantGroup section */

/* Begin XCBuildConfiguration section */
		F3A56F6816A8DB8A00514EF9 /* Debug */ = {
			isa = XCBuildConfiguration;
			buildSettings = {
				ALWAYS_SEARCH_USER_PATHS = NO;
				ARCHS = "$(ARCHS_STANDARD_32_BIT)";
				"CODE_SIGN_IDENTITY[sdk=iphoneos*]" = "iPhone Developer";
				COPY_PHASE_STRIP = NO;
				GCC_C_LANGUAGE_STANDARD = gnu99;
				GCC_DYNAMIC_NO_PIC = NO;
				GCC_OPTIMIZATION_LEVEL = 0;
				GCC_PREPROCESSOR_DEFINITIONS = (
					"DEBUG=1",
					"$(inherited)",
				);
				GCC_SYMBOLS_PRIVATE_EXTERN = NO;
				GCC_VERSION = com.apple.compilers.llvm.clang.1_0;
				GCC_WARN_ABOUT_RETURN_TYPE = YES;
				GCC_WARN_UNINITIALIZED_AUTOS = YES;
				GCC_WARN_UNUSED_VARIABLE = YES;
				IPHONEOS_DEPLOYMENT_TARGET = 5.1;
				SDKROOT = iphoneos;
				TARGETED_DEVICE_FAMILY = 2;
			};
			name = Debug;
		};
		F3A56F6916A8DB8A00514EF9 /* Release */ = {
			isa = XCBuildConfiguration;
			buildSettings = {
				ALWAYS_SEARCH_USER_PATHS = NO;
				ARCHS = "$(ARCHS_STANDARD_32_BIT)";
				"CODE_SIGN_IDENTITY[sdk=iphoneos*]" = "iPhone Developer";
				COPY_PHASE_STRIP = YES;
				GCC_C_LANGUAGE_STANDARD = gnu99;
				GCC_VERSION = com.apple.compilers.llvm.clang.1_0;
				GCC_WARN_ABOUT_RETURN_TYPE = YES;
				GCC_WARN_UNINITIALIZED_AUTOS = YES;
				GCC_WARN_UNUSED_VARIABLE = YES;
				IPHONEOS_DEPLOYMENT_TARGET = 5.1;
				OTHER_CFLAGS = "-DNS_BLOCK_ASSERTIONS=1";
				SDKROOT = iphoneos;
				TARGETED_DEVICE_FAMILY = 2;
				VALIDATE_PRODUCT = YES;
			};
			name = Release;
		};
		F3A56F6B16A8DB8A00514EF9 /* Debug */ = {
			isa = XCBuildConfiguration;
			buildSettings = {
				GCC_PRECOMPILE_PREFIX_HEADER = YES;
				GCC_PREFIX_HEADER = "Tutorial01Test/Tutorial01Test-Prefix.pch";
				INFOPLIST_FILE = "Tutorial01Test/Tutorial01Test-Info.plist";
				PRODUCT_NAME = "$(TARGET_NAME)";
				WRAPPER_EXTENSION = app;
			};
			name = Debug;
		};
		F3A56F6C16A8DB8A00514EF9 /* Release */ = {
			isa = XCBuildConfiguration;
			buildSettings = {
				GCC_PRECOMPILE_PREFIX_HEADER = YES;
				GCC_PREFIX_HEADER = "Tutorial01Test/Tutorial01Test-Prefix.pch";
				INFOPLIST_FILE = "Tutorial01Test/Tutorial01Test-Info.plist";
				PRODUCT_NAME = "$(TARGET_NAME)";
				WRAPPER_EXTENSION = app;
			};
			name = Release;
		};
/* End XCBuildConfiguration section */

/* Begin XCConfigurationList section */
		F3A56F4616A8DB8A00514EF9 /* Build configuration list for PBXProject "Tutorial01Test" */ = {
			isa = XCConfigurationList;
			buildConfigurations = (
				F3A56F6816A8DB8A00514EF9 /* Debug */,
				F3A56F6916A8DB8A00514EF9 /* Release */,
			);
			defaultConfigurationIsVisible = 0;
			defaultConfigurationName = Release;
		};
		F3A56F6A16A8DB8A00514EF9 /* Build configuration list for PBXNativeTarget "Tutorial01Test" */ = {
			isa = XCConfigurationList;
			buildConfigurations = (
				F3A56F6B16A8DB8A00514EF9 /* Debug */,
				F3A56F6C16A8DB8A00514EF9 /* Release */,
			);
			defaultConfigurationIsVisible = 0;
			defaultConfigurationName = Release;
		};
/* End XCConfigurationList section */
	};
	rootObject = F3A56F4316A8DB8A00514EF9 /* Project object */;
}
